{
  "name": "html-tag-jsx",
  "version": "1.0.0",
  "lockfileVersion": 3,
  "requires": true,
  "packages": {
    "": {
      "name": "html-tag-jsx",
      "version": "1.0.0",
      "license": "MIT",
      "dependencies": {
        "html-tag-js": "^1.5.1"
      }
    },
    "node_modules/html-tag-js": {
      "version": "1.5.1",
      "resolved": "https://registry.npmjs.org/html-tag-js/-/html-tag-js-1.5.1.tgz",
      "integrity": "sha512-zfdneRcuNlnttWxkF0K8UdijOv2/ja3+RUTNBz7MvsdyYjrABe0HWtmN3oHtNPeypwWpDBTsVCBZSeWHequufw=="
    }
  }
}
